
Microsoft Visual Studio Solution File, Format Version 12.00
# Visual Studio Version 17
VisualStudioVersion = 17.8.34330.188
MinimumVisualStudioVersion = 10.0.40219.1
Project("{9A19103F-16F7-4668-BE54-9A1E7A4F7556}") = "DTLiving", "DTLiving.csproj", "{A8AFC0CC-A593-4F15-915B-567D09C8B34D}"
EndProject
Global
	GlobalSection(SolutionConfigurationPlatforms) = preSolution
		Debug|Any CPU = Debug|Any CPU
		Release|Any CPU = Release|Any CPU
	EndGlobalSection
	GlobalSection(ProjectConfigurationPlatforms) = postSolution
		{A8AFC0CC-A593-4F15-915B-567D09C8B34D}.Debug|Any CPU.ActiveCfg = Debug|Any CPU
		{A8AFC0CC-A593-4F15-915B-567D09C8B34D}.Debug|Any CPU.Build.0 = Debug|Any CPU
		{A8AFC0CC-A593-4F15-915B-567D09C8B34D}.Release|Any CPU.ActiveCfg = Release|Any CPU
		{A8AFC0CC-A593-4F15-915B-567D09C8B34D}.Release|Any CPU.Build.0 = Release|Any CPU
	EndGlobalSection
	GlobalSection(SolutionProperties) = preSolution
		HideSolutionNode = FALSE
	EndGlobalSection
	GlobalSection(ExtensibilityGlobals) = postSolution
		SolutionGuid = {1263B3E0-C3D2-4711-B62C-DE84AE3FE632}
	EndGlobalSection
EndGlobal
